// !$*UTF8*$!
{
	archiveVersion = 1;
	classes = {
	};
	objectVersion = 46;
	objects = {

/* Begin PBXBuildFile section */
		A724E72918470F91003E2B4D /* Foundation.framework in Frameworks */ = {isa = PBXBuildFile; fileRef = A724E72818470F91003E2B4D /* Foundation.framework */; };
		A724E72B18470F91003E2B4D /* CoreGraphics.framework in Frameworks */ = {isa = PBXBuildFile; fileRef = A724E72A18470F91003E2B4D /* CoreGraphics.framework */; };
		A724E72D18470F91003E2B4D /* UIKit.framework in Frameworks */ = {isa = PBXBuildFile; fileRef = A724E72C18470F91003E2B4D /* UIKit.framework */; };
		A724E73318470F91003E2B4D /* InfoPlist.strings in Resources */ = {isa = PBXBuildFile; fileRef = A724E73118470F91003E2B4D /* InfoPlist.strings */; };
		A724E73518470F91003E2B4D /* main.m in Sources */ = {isa = PBXBuildFile; fileRef = A724E73418470F91003E2B4D /* main.m */; };
		A724E73918470F91003E2B4D /* AppDelegate.m in Sources */ = {isa = PBXBuildFile; fileRef = A724E73818470F91003E2B4D /* AppDelegate.m */; };
		A724E73C18470F91003E2B4D /* Main_iPhone.storyboard in Resources */ = {isa = PBXBuildFile; fileRef = A724E73A18470F91003E2B4D /* Main_iPhone.storyboard */; };
		A724E73F18470F91003E2B4D /* Main_iPad.storyboard in Resources */ = {isa = PBXBuildFile; fileRef = A724E73D18470F91003E2B4D /* Main_iPad.storyboard */; };
		A724E74218470F91003E2B4D /* ViewController.m in Sources */ = {isa = PBXBuildFile; fileRef = A724E74118470F91003E2B4D /* ViewController.m */; };
		A724E74418470F91003E2B4D /* Images.xcassets in Resources */ = {isa = PBXBuildFile; fileRef = A724E74318470F91003E2B4D /* Images.xcassets */; };
		A724E74B18470F92003E2B4D /* XCTest.framework in Frameworks */ = {isa = PBXBuildFile; fileRef = A724E74A18470F92003E2B4D /* XCTest.framework */; };
		A724E74C18470F92003E2B4D /* Foundation.framework in Frameworks */ = {isa = PBXBuildFile; fileRef = A724E72818470F91003E2B4D /* Foundation.framework */; };
		A724E74D18470F92003E2B4D /* UIKit.framework in Frameworks */ = {isa = PBXBuildFile; fileRef = A724E72C18470F91003E2B4D /* UIKit.framework */; };
		A724E75518470F92003E2B4D /* InfoPlist.strings in Resources */ = {isa = PBXBuildFile; fileRef = A724E75318470F92003E2B4D /* InfoPlist.strings */; };
		A724E75718470F92003E2B4D /* testHubTests.m in Sources */ = {isa = PBXBuildFile; fileRef = A724E75618470F92003E2B4D /* testHubTests.m */; };
/* End PBXBuildFile section */

/* Begin PBXContainerItemProxy section */
		A724E74E18470F92003E2B4D /* PBXContainerItemProxy */ = {
			isa = PBXContainerItemProxy;
			containerPortal = A724E71D18470F91003E2B4D /* Project object */;
			proxyType = 1;
			remoteGlobalIDString = A724E72418470F91003E2B4D;
			remoteInfo = testHub;
		};
/* End PBXContainerItemProxy section */

/* Begin PBXFileReference section */
		A724E72518470F91003E2B4D /* testHub.app */ = {isa = PBXFileReference; explicitFileType = wrapper.application; includeInIndex = 0; path = testHub.app; sourceTree = BUILT_PRODUCTS_DIR; };
		A724E72818470F91003E2B4D /* Foundation.framework */ = {isa = PBXFileReference; lastKnownFileType = wrapper.framework; name = Foundation.framework; path = System/Library/Frameworks/Foundation.framework; sourceTree = SDKROOT; };
		A724E72A18470F91003E2B4D /* CoreGraphics.framework */ = {isa = PBXFileReference; lastKnownFileType = wrapper.framework; name = CoreGraphics.framework; path = System/Library/Frameworks/CoreGraphics.framework; sourceTree = SDKROOT; };
		A724E72C18470F91003E2B4D /* UIKit.framework */ = {isa = PBXFileReference; lastKnownFileType = wrapper.framework; name = UIKit.framework; path = System/Library/Frameworks/UIKit.framework; sourceTree = SDKROOT; };
		A724E73018470F91003E2B4D /* testHub-Info.plist */ = {isa = PBXFileReference; lastKnownFileType = text.plist.xml; path = "testHub-Info.plist"; sourceTree = "<group>"; };
		A724E73218470F91003E2B4D /* en */ = {isa = PBXFileReference; lastKnownFileType = text.plist.strings; name = en; path = en.lproj/InfoPlist.strings; sourceTree = "<group>"; };
		A724E73418470F91003E2B4D /* main.m */ = {isa = PBXFileReference; lastKnownFileType = sourcecode.c.objc; path = main.m; sourceTree = "<group>"; };
		A724E73618470F91003E2B4D /* testHub-Prefix.pch */ = {isa = PBXFileReference; lastKnownFileType = sourcecode.c.h; path = "testHub-Prefix.pch"; sourceTree = "<group>"; };
		A724E73718470F91003E2B4D /* AppDelegate.h */ = {isa = PBXFileReference; lastKnownFileType = sourcecode.c.h; path = AppDelegate.h; sourceTree = "<group>"; };
		A724E73818470F91003E2B4D /* AppDelegate.m */ = {isa = PBXFileReference; lastKnownFileType = sourcecode.c.objc; path = AppDelegate.m; sourceTree = "<group>"; };
		A724E73B18470F91003E2B4D /* Base */ = {isa = PBXFileReference; lastKnownFileType = file.storyboard; name = Base; path = Base.lproj/Main_iPhone.storyboard; sourceTree = "<group>"; };
		A724E73E18470F91003E2B4D /* Base */ = {isa = PBXFileReference; lastKnownFileType = file.storyboard; name = Base; path = Base.lproj/Main_iPad.storyboard; sourceTree = "<group>"; };
		A724E74018470F91003E2B4D /* ViewController.h */ = {isa = PBXFileReference; lastKnownFileType = sourcecode.c.h; path = ViewController.h; sourceTree = "<group>"; };
		A724E74118470F91003E2B4D /* ViewController.m */ = {isa = PBXFileReference; lastKnownFileType = sourcecode.c.objc; path = ViewController.m; sourceTree = "<group>"; };
		A724E74318470F91003E2B4D /* Images.xcassets */ = {isa = PBXFileReference; lastKnownFileType = folder.assetcatalog; path = Images.xcassets; sourceTree = "<group>"; };
		A724E74918470F92003E2B4D /* testHubTests.xctest */ = {isa = PBXFileReference; explicitFileType = wrapper.cfbundle; includeInIndex = 0; path = testHubTests.xctest; sourceTree = BUILT_PRODUCTS_DIR; };
		A724E74A18470F92003E2B4D /* XCTest.framework */ = {isa = PBXFileReference; lastKnownFileType = wrapper.framework; name = XCTest.framework; path = Library/Frameworks/XCTest.framework; sourceTree = DEVELOPER_DIR; };
		A724E75218470F92003E2B4D /* testHubTests-Info.plist */ = {isa = PBXFileReference; lastKnownFileType = text.plist.xml; path = "testHubTests-Info.plist"; sourceTree = "<group>"; };
		A724E75418470F92003E2B4D /* en */ = {isa = PBXFileReference; lastKnownFileType = text.plist.strings; name = en; path = en.lproj/InfoPlist.strings; sourceTree = "<group>"; };
		A724E75618470F92003E2B4D /* testHubTests.m */ = {isa = PBXFileReference; lastKnownFileType = sourcecode.c.objc; path = testHubTests.m; sourceTree = "<group>"; };
/* End PBXFileReference section */

/* Begin PBXFrameworksBuildPhase section */
		A724E72218470F91003E2B4D /* Frameworks */ = {
			isa = PBXFrameworksBuildPhase;
			buildActionMask = 2147483647;
			files = (
				A724E72B18470F91003E2B4D /* CoreGraphics.framework in Frameworks */,
				A724E72D18470F91003E2B4D /* UIKit.framework in Frameworks */,
				A724E72918470F91003E2B4D /* Foundation.framework in Frameworks */,
			);
			runOnlyForDeploymentPostprocessing = 0;
		};
		A724E74618470F92003E2B4D /* Frameworks */ = {
			isa = PBXFrameworksBuildPhase;
			buildActionMask = 2147483647;
			files = (
				A724E74B18470F92003E2B4D /* XCTest.framework in Frameworks */,
				A724E74D18470F92003E2B4D /* UIKit.framework in Frameworks */,
				A724E74C18470F92003E2B4D /* Foundation.framework in Frameworks */,
			);
			runOnlyForDeploymentPostprocessing = 0;
		};
/* End PBXFrameworksBuildPhase section */

/* Begin PBXGroup section */
		A724E71C18470F91003E2B4D = {
			isa = PBXGroup;
			children = (
				A724E72E18470F91003E2B4D /* testHub */,
				A724E75018470F92003E2B4D /* testHubTests */,
				A724E72718470F91003E2B4D /* Frameworks */,
				A724E72618470F91003E2B4D /* Products */,
			);
			sourceTree = "<group>";
		};
		A724E72618470F91003E2B4D /* Products */ = {
			isa = PBXGroup;
			children = (
				A724E72518470F91003E2B4D /* testHub.app */,
				A724E74918470F92003E2B4D /* testHubTests.xctest */,
			);
			name = Products;
			sourceTree = "<group>";
		};
		A724E72718470F91003E2B4D /* Frameworks */ = {
			isa = PBXGroup;
			children = (
				A724E72818470F91003E2B4D /* Foundation.framework */,
				A724E72A18470F91003E2B4D /* CoreGraphics.framework */,
				A724E72C18470F91003E2B4D /* UIKit.framework */,
				A724E74A18470F92003E2B4D /* XCTest.framework */,
			);
			name = Frameworks;
			sourceTree = "<group>";
		};
		A724E72E18470F91003E2B4D /* testHub */ = {
			isa = PBXGroup;
			children = (
				A724E73718470F91003E2B4D /* AppDelegate.h */,
				A724E73818470F91003E2B4D /* AppDelegate.m */,
				A724E73A18470F91003E2B4D /* Main_iPhone.storyboard */,
				A724E73D18470F91003E2B4D /* Main_iPad.storyboard */,
				A724E74018470F91003E2B4D /* ViewController.h */,
				A724E74118470F91003E2B4D /* ViewController.m */,
				A724E74318470F91003E2B4D /* Images.xcassets */,
				A724E72F18470F91003E2B4D /* Supporting Files */,
			);
			path = testHub;
			sourceTree = "<group>";
		};
		A724E72F18470F91003E2B4D /* Supporting Files */ = {
			isa = PBXGroup;
			children = (
				A724E73018470F91003E2B4D /* testHub-Info.plist */,
				A724E73118470F91003E2B4D /* InfoPlist.strings */,
				A724E73418470F91003E2B4D /* main.m */,
				A724E73618470F91003E2B4D /* testHub-Prefix.pch */,
			);
			name = "Supporting Files";
			sourceTree = "<group>";
		};
		A724E75018470F92003E2B4D /* testHubTests */ = {
			isa = PBXGroup;
			children = (
				A724E75618470F92003E2B4D /* testHubTests.m */,
				A724E75118470F92003E2B4D /* Supporting Files */,
			);
			path = testHubTests;
			sourceTree = "<group>";
		};
		A724E75118470F92003E2B4D /* Supporting Files */ = {
			isa = PBXGroup;
			children = (
				A724E75218470F92003E2B4D /* testHubTests-Info.plist */,
				A724E75318470F92003E2B4D /* InfoPlist.strings */,
			);
			name = "Supporting Files";
			sourceTree = "<group>";
		};
/* End PBXGroup section */

/* Begin PBXNativeTarget section */
		A724E72418470F91003E2B4D /* testHub */ = {
			isa = PBXNativeTarget;
			buildConfigurationList = A724E75A18470F92003E2B4D /* Build configuration list for PBXNativeTarget "testHub" */;
			buildPhases = (
				A724E72118470F91003E2B4D /* Sources */,
				A724E72218470F91003E2B4D /* Frameworks */,
				A724E72318470F91003E2B4D /* Resources */,
			);
			buildRules = (
			);
			dependencies = (
			);
			name = testHub;
			productName = testHub;
			productReference = A724E72518470F91003E2B4D /* testHub.app */;
			productType = "com.apple.product-type.application";
		};
		A724E74818470F92003E2B4D /* testHubTests */ = {
			isa = PBXNativeTarget;
			buildConfigurationList = A724E75D18470F92003E2B4D /* Build configuration list for PBXNativeTarget "testHubTests" */;
			buildPhases = (
				A724E74518470F92003E2B4D /* Sources */,
				A724E74618470F92003E2B4D /* Frameworks */,
				A724E74718470F92003E2B4D /* Resources */,
			);
			buildRules = (
			);
			dependencies = (
				A724E74F18470F92003E2B4D /* PBXTargetDependency */,
			);
			name = testHubTests;
			productName = testHubTests;
			productReference = A724E74918470F92003E2B4D /* testHubTests.xctest */;
			productType = "com.apple.product-type.bundle.unit-test";
		};
/* End PBXNativeTarget section */

/* Begin PBXProject section */
		A724E71D18470F91003E2B4D /* Project object */ = {
			isa = PBXProject;
			attributes = {
				LastUpgradeCheck = 0500;
				ORGANIZATIONNAME = microfinace;
				TargetAttributes = {
					A724E74818470F92003E2B4D = {
						TestTargetID = A724E72418470F91003E2B4D;
					};
				};
			};
			buildConfigurationList = A724E72018470F91003E2B4D /* Build configuration list for PBXProject "testHub" */;
			compatibilityVersion = "Xcode 3.2";
			developmentRegion = English;
			hasScannedForEncodings = 0;
			knownRegions = (
				en,
				Base,
			);
			mainGroup = A724E71C18470F91003E2B4D;
			productRefGroup = A724E72618470F91003E2B4D /* Products */;
			projectDirPath = "";
			projectRoot = "";
			targets = (
				A724E72418470F91003E2B4D /* testHub */,
				A724E74818470F92003E2B4D /* testHubTests */,
			);
		};
/* End PBXProject section */

/* Begin PBXResourcesBuildPhase section */
		A724E72318470F91003E2B4D /* Resources */ = {
			isa = PBXResourcesBuildPhase;
			buildActionMask = 2147483647;
			files = (
				A724E73F18470F91003E2B4D /* Main_iPad.storyboard in Resources */,
				A724E74418470F91003E2B4D /* Images.xcassets in Resources */,
				A724E73C18470F91003E2B4D /* Main_iPhone.storyboard in Resources */,
				A724E73318470F91003E2B4D /* InfoPlist.strings in Resources */,
			);
			runOnlyForDeploymentPostprocessing = 0;
		};
		A724E74718470F92003E2B4D /* Resources */ = {
			isa = PBXResourcesBuildPhase;
			buildActionMask = 2147483647;
			files = (
				A724E75518470F92003E2B4D /* InfoPlist.strings in Resources */,
			);
			runOnlyForDeploymentPostprocessing = 0;
		};
/* End PBXResourcesBuildPhase section */

/* Begin PBXSourcesBuildPhase section */
		A724E72118470F91003E2B4D /* Sources */ = {
			isa = PBXSourcesBuildPhase;
			buildActionMask = 2147483647;
			files = (
				A724E74218470F91003E2B4D /* ViewController.m in Sources */,
				A724E73918470F91003E2B4D /* AppDelegate.m in Sources */,
				A724E73518470F91003E2B4D /* main.m in Sources */,
			);
			runOnlyForDeploymentPostprocessing = 0;
		};
		A724E74518470F92003E2B4D /* Sources */ = {
			isa = PBXSourcesBuildPhase;
			buildActionMask = 2147483647;
			files = (
				A724E75718470F92003E2B4D /* testHubTests.m in Sources */,
			);
			runOnlyForDeploymentPostprocessing = 0;
		};
/* End PBXSourcesBuildPhase section */

/* Begin PBXTargetDependency section */
		A724E74F18470F92003E2B4D /* PBXTargetDependency */ = {
			isa = PBXTargetDependency;
			target = A724E72418470F91003E2B4D /* testHub */;
			targetProxy = A724E74E18470F92003E2B4D /* PBXContainerItemProxy */;
		};
/* End PBXTargetDependency section */

/* Begin PBXVariantGroup section */
		A724E73118470F91003E2B4D /* InfoPlist.strings */ = {
			isa = PBXVariantGroup;
			children = (
				A724E73218470F91003E2B4D /* en */,
			);
			name = InfoPlist.strings;
			sourceTree = "<group>";
		};
		A724E73A18470F91003E2B4D /* Main_iPhone.storyboard */ = {
			isa = PBXVariantGroup;
			children = (
				A724E73B18470F91003E2B4D /* Base */,
			);
			name = Main_iPhone.storyboard;
			sourceTree = "<group>";
		};
		A724E73D18470F91003E2B4D /* Main_iPad.storyboard */ = {
			isa = PBXVariantGroup;
			children = (
				A724E73E18470F91003E2B4D /* Base */,
			);
			name = Main_iPad.storyboard;
			sourceTree = "<group>";
		};
		A724E75318470F92003E2B4D /* InfoPlist.strings */ = {
			isa = PBXVariantGroup;
			children = (
				A724E75418470F92003E2B4D /* en */,
			);
			name = InfoPlist.strings;
			sourceTree = "<group>";
		};
/* End PBXVariantGroup section */

/* Begin XCBuildConfiguration section */
		A724E75818470F92003E2B4D /* Debug */ = {
			isa = XCBuildConfiguration;
			buildSettings = {
				ALWAYS_SEARCH_USER_PATHS = NO;
				ARCHS = "$(ARCHS_STANDARD_INCLUDING_64_BIT)";
				CLANG_CXX_LANGUAGE_STANDARD = "gnu++0x";
				CLANG_CXX_LIBRARY = "libc++";
				CLANG_ENABLE_MODULES = YES;
				CLANG_ENABLE_OBJC_ARC = YES;
				CLANG_WARN_BOOL_CONVERSION = YES;
				CLANG_WARN_CONSTANT_CONVERSION = YES;
				CLANG_WARN_DIRECT_OBJC_ISA_USAGE = YES_ERROR;
				CLANG_WARN_EMPTY_BODY = YES;
				CLANG_WARN_ENUM_CONVERSION = YES;
				CLANG_WARN_INT_CONVERSION = YES;
				CLANG_WARN_OBJC_ROOT_CLASS = YES_ERROR;
				CLANG_WARN__DUPLICATE_METHOD_MATCH = YES;
				"CODE_SIGN_IDENTITY[sdk=iphoneos*]" = "iPhone Developer";
				COPY_PHASE_STRIP = NO;
				GCC_C_LANGUAGE_STANDARD = gnu99;
				GCC_DYNAMIC_NO_PIC = NO;
				GCC_OPTIMIZATION_LEVEL = 0;
				GCC_PREPROCESSOR_DEFINITIONS = (
					"DEBUG=1",
					"$(inherited)",
				);
				GCC_SYMBOLS_PRIVATE_EXTERN = NO;
				GCC_WARN_64_TO_32_BIT_CONVERSION = YES;
				GCC_WARN_ABOUT_RETURN_TYPE = YES_ERROR;
				GCC_WARN_UNDECLARED_SELECTOR = YES;
				GCC_WARN_UNINITIALIZED_AUTOS = YES;
				GCC_WARN_UNUSED_FUNCTION = YES;
				GCC_WARN_UNUSED_VARIABLE = YES;
				IPHONEOS_DEPLOYMENT_TARGET = 7.0;
				ONLY_ACTIVE_ARCH = YES;
				SDKROOT = iphoneos;
				TARGETED_DEVICE_FAMILY = "1,2";
			};
			name = Debug;
		};
		A724E75918470F92003E2B4D /* Release */ = {
			isa = XCBuildConfiguration;
			buildSettings = {
				ALWAYS_SEARCH_USER_PATHS = NO;
				ARCHS = "$(ARCHS_STANDARD_INCLUDING_64_BIT)";
				CLANG_CXX_LANGUAGE_STANDARD = "gnu++0x";
				CLANG_CXX_LIBRARY = "libc++";
				CLANG_ENABLE_MODULES = YES;
				CLANG_ENABLE_OBJC_ARC = YES;
				CLANG_WARN_BOOL_CONVERSION = YES;
				CLANG_WARN_CONSTANT_CONVERSION = YES;
				CLANG_WARN_DIRECT_OBJC_ISA_USAGE = YES_ERROR;
				CLANG_WARN_EMPTY_BODY = YES;
				CLANG_WARN_ENUM_CONVERSION = YES;
				CLANG_WARN_INT_CONVERSION = YES;
				CLANG_WARN_OBJC_ROOT_CLASS = YES_ERROR;
				CLANG_WARN__DUPLICATE_METHOD_MATCH = YES;
				"CODE_SIGN_IDENTITY[sdk=iphoneos*]" = "iPhone Developer";
				COPY_PHASE_STRIP = YES;
				ENABLE_NS_ASSERTIONS = NO;
				GCC_C_LANGUAGE_STANDARD = gnu99;
				GCC_WARN_64_TO_32_BIT_CONVERSION = YES;
				GCC_WARN_ABOUT_RETURN_TYPE = YES_ERROR;
				GCC_WARN_UNDECLARED_SELECTOR = YES;
				GCC_WARN_UNINITIALIZED_AUTOS = YES;
				GCC_WARN_UNUSED_FUNCTION = YES;
				GCC_WARN_UNUSED_VARIABLE = YES;
				IPHONEOS_DEPLOYMENT_TARGET = 7.0;
				SDKROOT = iphoneos;
				TARGETED_DEVICE_FAMILY = "1,2";
				VALIDATE_PRODUCT = YES;
			};
			name = Release;
		};
		A724E75B18470F92003E2B4D /* Debug */ = {
			isa = XCBuildConfiguration;
			buildSettings = {
				ASSETCATALOG_COMPILER_APPICON_NAME = AppIcon;
				ASSETCATALOG_COMPILER_LAUNCHIMAGE_NAME = LaunchImage;
				GCC_PRECOMPILE_PREFIX_HEADER = YES;
				GCC_PREFIX_HEADER = "testHub/testHub-Prefix.pch";
				INFOPLIST_FILE = "testHub/testHub-Info.plist";
				PRODUCT_NAME = "$(TARGET_NAME)";
				WRAPPER_EXTENSION = app;
			};
			name = Debug;
		};
		A724E75C18470F92003E2B4D /* Release */ = {
			isa = XCBuildConfiguration;
			buildSettings = {
				ASSETCATALOG_COMPILER_APPICON_NAME = AppIcon;
				ASSETCATALOG_COMPILER_LAUNCHIMAGE_NAME = LaunchImage;
				GCC_PRECOMPILE_PREFIX_HEADER = YES;
				GCC_PREFIX_HEADER = "testHub/testHub-Prefix.pch";
				INFOPLIST_FILE = "testHub/testHub-Info.plist";
				PRODUCT_NAME = "$(TARGET_NAME)";
				WRAPPER_EXTENSION = app;
			};
			name = Release;
		};
		A724E75E18470F92003E2B4D /* Debug */ = {
			isa = XCBuildConfiguration;
			buildSettings = {
				ARCHS = "$(ARCHS_STANDARD_INCLUDING_64_BIT)";
				BUNDLE_LOADER = "$(BUILT_PRODUCTS_DIR)/testHub.app/testHub";
				FRAMEWORK_SEARCH_PATHS = (
					"$(SDKROOT)/Developer/Library/Frameworks",
					"$(inherited)",
					"$(DEVELOPER_FRAMEWORKS_DIR)",
				);
				GCC_PRECOMPILE_PREFIX_HEADER = YES;
				GCC_PREFIX_HEADER = "testHub/testHub-Prefix.pch";
				GCC_PREPROCESSOR_DEFINITIONS = (
					"DEBUG=1",
					"$(inherited)",
				);
				INFOPLIST_FILE = "testHubTests/testHubTests-Info.plist";
				PRODUCT_NAME = "$(TARGET_NAME)";
				TEST_HOST = "$(BUNDLE_LOADER)";
				WRAPPER_EXTENSION = xctest;
			};
			name = Debug;
		};
		A724E75F18470F92003E2B4D /* Release */ = {
			isa = XCBuildConfiguration;
			buildSettings = {
				ARCHS = "$(ARCHS_STANDARD_INCLUDING_64_BIT)";
				BUNDLE_LOADER = "$(BUILT_PRODUCTS_DIR)/testHub.app/testHub";
				FRAMEWORK_SEARCH_PATHS = (
					"$(SDKROOT)/Developer/Library/Frameworks",
					"$(inherited)",
					"$(DEVELOPER_FRAMEWORKS_DIR)",
				);
				GCC_PRECOMPILE_PREFIX_HEADER = YES;
				GCC_PREFIX_HEADER = "testHub/testHub-Prefix.pch";
				INFOPLIST_FILE = "testHubTests/testHubTests-Info.plist";
				PRODUCT_NAME = "$(TARGET_NAME)";
				TEST_HOST = "$(BUNDLE_LOADER)";
				WRAPPER_EXTENSION = xctest;
			};
			name = Release;
		};
/* End XCBuildConfiguration section */

/* Begin XCConfigurationList section */
		A724E72018470F91003E2B4D /* Build configuration list for PBXProject "testHub" */ = {
			isa = XCConfigurationList;
			buildConfigurations = (
				A724E75818470F92003E2B4D /* Debug */,
				A724E75918470F92003E2B4D /* Release */,
			);
			defaultConfigurationIsVisible = 0;
			defaultConfigurationName = Release;
		};
		A724E75A18470F92003E2B4D /* Build configuration list for PBXNativeTarget "testHub" */ = {
			isa = XCConfigurationList;
			buildConfigurations = (
				A724E75B18470F92003E2B4D /* Debug */,
				A724E75C18470F92003E2B4D /* Release */,
			);
			defaultConfigurationIsVisible = 0;
		};
		A724E75D18470F92003E2B4D /* Build configuration list for PBXNativeTarget "testHubTests" */ = {
			isa = XCConfigurationList;
			buildConfigurations = (
				A724E75E18470F92003E2B4D /* Debug */,
				A724E75F18470F92003E2B4D /* Release */,
			);
			defaultConfigurationIsVisible = 0;
		};
/* End XCConfigurationList section */
	};
	rootObject = A724E71D18470F91003E2B4D /* Project object */;
}
